
Microsoft Visual Studio Solution File, Format Version 12.00
# Visual Studio 14
VisualStudioVersion = 14.0.25420.1
MinimumVisualStudioVersion = 10.0.40219.1
Project("{FAE04EC0-301F-11D3-BF4B-00C04F79EFBC}") = "MarkdownMonsterAddinProjectTemplate", "MarkdownMonsterAddinProjectTemplate\MarkdownMonsterAddinProjectTemplate.csproj", "{C0E36D2F-621D-4DA4-AC46-EFA77307826C}"
EndProject
Project("{FAE04EC0-301F-11D3-BF4B-00C04F79EFBC}") = "MarkdownMonsterAddin", "MarkdownMonsterAddin\MarkdownMonsterAddin\MarkdownMonsterAddin.csproj", "{458BAA01-8EDA-4217-9D62-01AD4428B70D}"
EndProject
Project("{FAE04EC0-301F-11D3-BF4B-00C04F79EFBC}") = "MarkdownMonsterAddinTemplate", "MarkdownMonsterAddinTemplate\MarkdownMonsterAddinTemplate.csproj", "{B468EAAE-735D-4734-AB63-95B546DE1729}"
EndProject
Global
	GlobalSection(SolutionConfigurationPlatforms) = preSolution
		Debug|Any CPU = Debug|Any CPU
		Release|Any CPU = Release|Any CPU
	EndGlobalSection
	GlobalSection(ProjectConfigurationPlatforms) = postSolution
		{C0E36D2F-621D-4DA4-AC46-EFA77307826C}.Debug|Any CPU.ActiveCfg = Debug|Any CPU
		{C0E36D2F-621D-4DA4-AC46-EFA77307826C}.Debug|Any CPU.Build.0 = Debug|Any CPU
		{C0E36D2F-621D-4DA4-AC46-EFA77307826C}.Release|Any CPU.ActiveCfg = Release|Any CPU
		{C0E36D2F-621D-4DA4-AC46-EFA77307826C}.Release|Any CPU.Build.0 = Release|Any CPU
		{458BAA01-8EDA-4217-9D62-01AD4428B70D}.Debug|Any CPU.ActiveCfg = Debug|Any CPU
		{458BAA01-8EDA-4217-9D62-01AD4428B70D}.Debug|Any CPU.Build.0 = Debug|Any CPU
		{458BAA01-8EDA-4217-9D62-01AD4428B70D}.Release|Any CPU.ActiveCfg = Release|Any CPU
		{458BAA01-8EDA-4217-9D62-01AD4428B70D}.Release|Any CPU.Build.0 = Release|Any CPU
		{B468EAAE-735D-4734-AB63-95B546DE1729}.Debug|Any CPU.ActiveCfg = Debug|Any CPU
		{B468EAAE-735D-4734-AB63-95B546DE1729}.Debug|Any CPU.Build.0 = Debug|Any CPU
		{B468EAAE-735D-4734-AB63-95B546DE1729}.Release|Any CPU.ActiveCfg = Release|Any CPU
		{B468EAAE-735D-4734-AB63-95B546DE1729}.Release|Any CPU.Build.0 = Release|Any CPU
	EndGlobalSection
	GlobalSection(SolutionProperties) = preSolution
		HideSolutionNode = FALSE
	EndGlobalSection
EndGlobal
